
Microsoft Visual Studio Solution File, Format Version 12.00
# Visual Studio Version 17
VisualStudioVersion = 17.8.34330.188
MinimumVisualStudioVersion = 10.0.40219.1
Project("{9A19103F-16F7-4668-BE54-9A1E7A4F7556}") = "Fundoo", "Fundoo.csproj", "{BEC92052-7BD1-4237-9FC6-956B97D3CC79}"
EndProject
Project("{9A19103F-16F7-4668-BE54-9A1E7A4F7556}") = "BusinessLayer", "..\BusinessLayer\BusinessLayer.csproj", "{6AA45D1C-41D3-4858-9A5E-0CDBDA0E6C17}"
EndProject
Project("{9A19103F-16F7-4668-BE54-9A1E7A4F7556}") = "RepositoryLayer", "..\RepositoryLayer\RepositoryLayer.csproj", "{4F26E81B-A087-4198-9844-F3233D684EBE}"
EndProject
Project("{9A19103F-16F7-4668-BE54-9A1E7A4F7556}") = "ModelLayer", "..\ModelLayer\ModelLayer.csproj", "{E6B2167C-32E1-402A-9061-577ED8E70362}"
EndProject
Project("{9A19103F-16F7-4668-BE54-9A1E7A4F7556}") = "RabbitMQConsumerConsoleApplication", "..\RabbitMQConsumerConsoleApplication\RabbitMQConsumerConsoleApplication.csproj", "{FE9AFCFB-5B7E-4501-84A3-E2F71C9EE92A}"
EndProject
Project("{FAE04EC0-301F-11D3-BF4B-00C04F79EFBC}") = "KafkaConsumerConsoleApplication", "..\KafkaConsumerConsoleApplication\KafkaConsumerConsoleApplication.csproj", "{AE2B1DD6-4635-48FC-9C08-E08B20C23019}"
EndProject
Project("{FAE04EC0-301F-11D3-BF4B-00C04F79EFBC}") = "KafkaConsumer2ConsoleApplication", "..\KafkaConsumer2ConsoleApplication\KafkaConsumer2ConsoleApplication.csproj", "{42741FA7-F24E-4FBA-8886-6FE223712574}"
EndProject
Global
	GlobalSection(SolutionConfigurationPlatforms) = preSolution
		Debug|Any CPU = Debug|Any CPU
		Release|Any CPU = Release|Any CPU
	EndGlobalSection
	GlobalSection(ProjectConfigurationPlatforms) = postSolution
		{BEC92052-7BD1-4237-9FC6-956B97D3CC79}.Debug|Any CPU.ActiveCfg = Debug|Any CPU
		{BEC92052-7BD1-4237-9FC6-956B97D3CC79}.Debug|Any CPU.Build.0 = Debug|Any CPU
		{BEC92052-7BD1-4237-9FC6-956B97D3CC79}.Release|Any CPU.ActiveCfg = Release|Any CPU
		{BEC92052-7BD1-4237-9FC6-956B97D3CC79}.Release|Any CPU.Build.0 = Release|Any CPU
		{6AA45D1C-41D3-4858-9A5E-0CDBDA0E6C17}.Debug|Any CPU.ActiveCfg = Debug|Any CPU
		{6AA45D1C-41D3-4858-9A5E-0CDBDA0E6C17}.Debug|Any CPU.Build.0 = Debug|Any CPU
		{6AA45D1C-41D3-4858-9A5E-0CDBDA0E6C17}.Release|Any CPU.ActiveCfg = Release|Any CPU
		{6AA45D1C-41D3-4858-9A5E-0CDBDA0E6C17}.Release|Any CPU.Build.0 = Release|Any CPU
		{4F26E81B-A087-4198-9844-F3233D684EBE}.Debug|Any CPU.ActiveCfg = Debug|Any CPU
		{4F26E81B-A087-4198-9844-F3233D684EBE}.Debug|Any CPU.Build.0 = Debug|Any CPU
		{4F26E81B-A087-4198-9844-F3233D684EBE}.Release|Any CPU.ActiveCfg = Release|Any CPU
		{4F26E81B-A087-4198-9844-F3233D684EBE}.Release|Any CPU.Build.0 = Release|Any CPU
		{E6B2167C-32E1-402A-9061-577ED8E70362}.Debug|Any CPU.ActiveCfg = Debug|Any CPU
		{E6B2167C-32E1-402A-9061-577ED8E70362}.Debug|Any CPU.Build.0 = Debug|Any CPU
		{E6B2167C-32E1-402A-9061-577ED8E70362}.Release|Any CPU.ActiveCfg = Release|Any CPU
		{E6B2167C-32E1-402A-9061-577ED8E70362}.Release|Any CPU.Build.0 = Release|Any CPU
		{FE9AFCFB-5B7E-4501-84A3-E2F71C9EE92A}.Debug|Any CPU.ActiveCfg = Debug|Any CPU
		{FE9AFCFB-5B7E-4501-84A3-E2F71C9EE92A}.Debug|Any CPU.Build.0 = Debug|Any CPU
		{FE9AFCFB-5B7E-4501-84A3-E2F71C9EE92A}.Release|Any CPU.ActiveCfg = Release|Any CPU
		{FE9AFCFB-5B7E-4501-84A3-E2F71C9EE92A}.Release|Any CPU.Build.0 = Release|Any CPU
		{AE2B1DD6-4635-48FC-9C08-E08B20C23019}.Debug|Any CPU.ActiveCfg = Debug|Any CPU
		{AE2B1DD6-4635-48FC-9C08-E08B20C23019}.Debug|Any CPU.Build.0 = Debug|Any CPU
		{AE2B1DD6-4635-48FC-9C08-E08B20C23019}.Release|Any CPU.ActiveCfg = Release|Any CPU
		{AE2B1DD6-4635-48FC-9C08-E08B20C23019}.Release|Any CPU.Build.0 = Release|Any CPU
		{42741FA7-F24E-4FBA-8886-6FE223712574}.Debug|Any CPU.ActiveCfg = Debug|Any CPU
		{42741FA7-F24E-4FBA-8886-6FE223712574}.Debug|Any CPU.Build.0 = Debug|Any CPU
		{42741FA7-F24E-4FBA-8886-6FE223712574}.Release|Any CPU.ActiveCfg = Release|Any CPU
		{42741FA7-F24E-4FBA-8886-6FE223712574}.Release|Any CPU.Build.0 = Release|Any CPU
	EndGlobalSection
	GlobalSection(SolutionProperties) = preSolution
		HideSolutionNode = FALSE
	EndGlobalSection
	GlobalSection(ExtensibilityGlobals) = postSolution
		SolutionGuid = {61CD8C7D-5263-4BA4-A24B-8037C1332682}
	EndGlobalSection
EndGlobal
